
Microsoft Visual Studio Solution File, Format Version 12.00
# Visual Studio Version 17
VisualStudioVersion = 17.4.33205.214
MinimumVisualStudioVersion = 10.0.40219.1
Project("{FAE04EC0-301F-11D3-BF4B-00C04F79EFBC}") = "Advanced Security", "Advanced Security\Advanced Security.csproj", "{B665B740-37F0-494D-AB04-B93D9A3B4C18}"
EndProject
Global
	GlobalSection(SolutionConfigurationPlatforms) = preSolution
		Debug|Any CPU = Debug|Any CPU
		Release|Any CPU = Release|Any CPU
	EndGlobalSection
	GlobalSection(ProjectConfigurationPlatforms) = postSolution
		{B665B740-37F0-494D-AB04-B93D9A3B4C18}.Debug|Any CPU.ActiveCfg = Debug|Any CPU
		{B665B740-37F0-494D-AB04-B93D9A3B4C18}.Debug|Any CPU.Build.0 = Debug|Any CPU
		{B665B740-37F0-494D-AB04-B93D9A3B4C18}.Release|Any CPU.ActiveCfg = Release|Any CPU
		{B665B740-37F0-494D-AB04-B93D9A3B4C18}.Release|Any CPU.Build.0 = Release|Any CPU
	EndGlobalSection
	GlobalSection(SolutionProperties) = preSolution
		HideSolutionNode = FALSE
	EndGlobalSection
	GlobalSection(ExtensibilityGlobals) = postSolution
		SolutionGuid = {8B00B3EE-696E-4E2C-B843-1658BB4AD951}
	EndGlobalSection
EndGlobal
